version = 1
revision = 3
requires-python = ">=3.11"

[[package]]
name = "repl-nix-workspace"
version = "0.1.0"
source = { virtual = "." }
dependencies = [
    { name = "yt-dlp" },
]

[package.metadata]
requires-dist = [{ name = "yt-dlp", specifier = ">=2026.3.13" }]

[[package]]
name = "yt-dlp"
version = "2026.3.13"
source = { registry = "https://pypi.org/simple" }
sdist = { url = "https://files.pythonhosted.org/packages/34/69/59253e5627f583939e742a592f56dc7d7f30d164473e58f055e1fccdc02b/yt_dlp-2026.3.13.tar.gz", hash = "sha256:fb43659db684a3db6ff2f5c92e0f1641262f6ecc71dbb64fefe84177aaba9e36", size = 3117911, upload-time = "2026-03-13T09:02:22.711Z" }
wheels = [
    { url = "https://files.pythonhosted.org/packages/f0/ef/52ed7ed10d2e1a22badf74b520b617c48b0a725a981620393245ac842bf9/yt_dlp-2026.3.13-py3-none-any.whl", hash = "sha256:e22e7716f94c08e76b29c0172a3fe0c01d8cabab9bce7f528ad440d70a0d213c", size = 3315062, upload-time = "2026-03-13T09:02:20.357Z" },
]
